
Microsoft Visual Studio Solution File, Format Version 12.00
# Visual Studio Version 17
VisualStudioVersion = 17.7.34018.315
MinimumVisualStudioVersion = 10.0.40219.1
Project("{9A19103F-16F7-4668-BE54-9A1E7A4F7556}") = "PrimerParcial", "PrimerParcial\PrimerParcial.csproj", "{E39502A6-C6ED-4C94-9792-AD2818C288ED}"
EndProject
Project("{9A19103F-16F7-4668-BE54-9A1E7A4F7556}") = "FormUsuario", "FormUsuario\FormUsuario.csproj", "{FD2DC34A-DFB8-453C-B01B-E35BF539BC86}"
EndProject
Project("{FAE04EC0-301F-11D3-BF4B-00C04F79EFBC}") = "TestProject1", "TestProject1\TestProject1.csproj", "{2CDF9649-8DE6-4DD1-82A8-33179D285A00}"
EndProject
Global
	GlobalSection(SolutionConfigurationPlatforms) = preSolution
		Debug|Any CPU = Debug|Any CPU
		Release|Any CPU = Release|Any CPU
	EndGlobalSection
	GlobalSection(ProjectConfigurationPlatforms) = postSolution
		{E39502A6-C6ED-4C94-9792-AD2818C288ED}.Debug|Any CPU.ActiveCfg = Debug|Any CPU
		{E39502A6-C6ED-4C94-9792-AD2818C288ED}.Debug|Any CPU.Build.0 = Debug|Any CPU
		{E39502A6-C6ED-4C94-9792-AD2818C288ED}.Release|Any CPU.ActiveCfg = Release|Any CPU
		{E39502A6-C6ED-4C94-9792-AD2818C288ED}.Release|Any CPU.Build.0 = Release|Any CPU
		{FD2DC34A-DFB8-453C-B01B-E35BF539BC86}.Debug|Any CPU.ActiveCfg = Debug|Any CPU
		{FD2DC34A-DFB8-453C-B01B-E35BF539BC86}.Debug|Any CPU.Build.0 = Debug|Any CPU
		{FD2DC34A-DFB8-453C-B01B-E35BF539BC86}.Release|Any CPU.ActiveCfg = Release|Any CPU
		{FD2DC34A-DFB8-453C-B01B-E35BF539BC86}.Release|Any CPU.Build.0 = Release|Any CPU
		{2CDF9649-8DE6-4DD1-82A8-33179D285A00}.Debug|Any CPU.ActiveCfg = Debug|Any CPU
		{2CDF9649-8DE6-4DD1-82A8-33179D285A00}.Debug|Any CPU.Build.0 = Debug|Any CPU
		{2CDF9649-8DE6-4DD1-82A8-33179D285A00}.Release|Any CPU.ActiveCfg = Release|Any CPU
		{2CDF9649-8DE6-4DD1-82A8-33179D285A00}.Release|Any CPU.Build.0 = Release|Any CPU
	EndGlobalSection
	GlobalSection(SolutionProperties) = preSolution
		HideSolutionNode = FALSE
	EndGlobalSection
	GlobalSection(ExtensibilityGlobals) = postSolution
		SolutionGuid = {2A0E598A-06EA-4AAF-8D4B-69CDE4259F62}
	EndGlobalSection
EndGlobal
